
Microsoft Visual Studio Solution File, Format Version 12.00
# Visual Studio Version 17
VisualStudioVersion = 17.8.34330.188
MinimumVisualStudioVersion = 10.0.40219.1
Project("{FAE04EC0-301F-11D3-BF4B-00C04F79EFBC}") = "DevFramework.Core", "DevFramework.Core\DevFramework.Core.csproj", "{A5CDB074-2AFA-42BB-8619-529FCB5EE017}"
EndProject
Project("{FAE04EC0-301F-11D3-BF4B-00C04F79EFBC}") = "DevFramework.Northwind.Entities", "DevFramework.Northwind.Entities\DevFramework.Northwind.Entities.csproj", "{4E128920-EB2C-4A42-A1B8-EC92D51CF938}"
EndProject
Project("{FAE04EC0-301F-11D3-BF4B-00C04F79EFBC}") = "DevFramework.Northwind.DataAccess", "DevFramework.Northwind.DataAccess\DevFramework.Northwind.DataAccess.csproj", "{F1CE7526-A4D8-4A16-A702-827F4835B13B}"
EndProject
Project("{FAE04EC0-301F-11D3-BF4B-00C04F79EFBC}") = "DevFramework.Northwind.Business", "DevFramework.Northwind.Business\DevFramework.Northwind.Business.csproj", "{8B53B8DE-0E15-4F5E-A7F3-FB6E8A603C6E}"
EndProject
Project("{E24C65DC-7377-472B-9ABA-BC803B73C61A}") = "DevFramework.Northwind.WcfService", "DevFramework.Northwind.WcfService\", "{2C241108-1AE9-438D-8C7E-D0E2DE55CC5B}"
	ProjectSection(WebsiteProperties) = preProject
		TargetFrameworkMoniker = ".NETFramework,Version%3Dv4.8"
		Debug.AspNetCompiler.VirtualPath = "/localhost_59960"
		Debug.AspNetCompiler.PhysicalPath = "DevFramework.Northwind.WcfService\"
		Debug.AspNetCompiler.TargetPath = "PrecompiledWeb\localhost_59960\"
		Debug.AspNetCompiler.Updateable = "true"
		Debug.AspNetCompiler.ForceOverwrite = "true"
		Debug.AspNetCompiler.FixedNames = "false"
		Debug.AspNetCompiler.Debug = "True"
		Release.AspNetCompiler.VirtualPath = "/localhost_59960"
		Release.AspNetCompiler.PhysicalPath = "DevFramework.Northwind.WcfService\"
		Release.AspNetCompiler.TargetPath = "PrecompiledWeb\localhost_59960\"
		Release.AspNetCompiler.Updateable = "true"
		Release.AspNetCompiler.ForceOverwrite = "true"
		Release.AspNetCompiler.FixedNames = "false"
		Release.AspNetCompiler.Debug = "False"
		VWDPort = "59960"
		SlnRelativePath = "DevFramework.Northwind.WcfService\"
		DefaultWebSiteLanguage = "Visual C#"
	EndProjectSection
EndProject
Project("{FAE04EC0-301F-11D3-BF4B-00C04F79EFBC}") = "DevFramework.Northwind.WebApi", "DevFramework.Northwind.WebApi\DevFramework.Northwind.WebApi.csproj", "{C58AD759-0297-47BD-99DF-962E995D48F3}"
EndProject
Project("{FAE04EC0-301F-11D3-BF4B-00C04F79EFBC}") = "DevFramework.Northwind.MvcWebUI", "DevFramework.Northwind.MvcWebUI\DevFramework.Northwind.MvcWebUI.csproj", "{5BF5BF5C-62A4-4A5C-9299-EDC64954537C}"
EndProject
Project("{FAE04EC0-301F-11D3-BF4B-00C04F79EFBC}") = "DevFramework.Northwind.MvcWebUI.Tests", "DevFramework.Northwind.MvcWebUI.Tests\DevFramework.Northwind.MvcWebUI.Tests.csproj", "{078C0060-E2F2-4CD5-89BF-FE55DA3853F0}"
EndProject
Project("{FAE04EC0-301F-11D3-BF4B-00C04F79EFBC}") = "DevFramework.Northwind.Business.Tests", "DevFramework.Northwind.Business.Tests\DevFramework.Northwind.Business.Tests.csproj", "{A16AC89E-0348-46EA-B00E-020E30906CAB}"
EndProject
Project("{FAE04EC0-301F-11D3-BF4B-00C04F79EFBC}") = "DevFramework.Northwind.DataAccess.Tests", "DevFramework.Northwind.DataAccess.Tests\DevFramework.Northwind.DataAccess.Tests.csproj", "{4329B49B-AC3D-4DAD-84CE-5D6940C91468}"
EndProject
Global
	GlobalSection(SolutionConfigurationPlatforms) = preSolution
		Debug|Any CPU = Debug|Any CPU
		Release|Any CPU = Release|Any CPU
	EndGlobalSection
	GlobalSection(ProjectConfigurationPlatforms) = postSolution
		{A5CDB074-2AFA-42BB-8619-529FCB5EE017}.Debug|Any CPU.ActiveCfg = Debug|Any CPU
		{A5CDB074-2AFA-42BB-8619-529FCB5EE017}.Debug|Any CPU.Build.0 = Debug|Any CPU
		{A5CDB074-2AFA-42BB-8619-529FCB5EE017}.Release|Any CPU.ActiveCfg = Release|Any CPU
		{A5CDB074-2AFA-42BB-8619-529FCB5EE017}.Release|Any CPU.Build.0 = Release|Any CPU
		{4E128920-EB2C-4A42-A1B8-EC92D51CF938}.Debug|Any CPU.ActiveCfg = Debug|Any CPU
		{4E128920-EB2C-4A42-A1B8-EC92D51CF938}.Debug|Any CPU.Build.0 = Debug|Any CPU
		{4E128920-EB2C-4A42-A1B8-EC92D51CF938}.Release|Any CPU.ActiveCfg = Release|Any CPU
		{4E128920-EB2C-4A42-A1B8-EC92D51CF938}.Release|Any CPU.Build.0 = Release|Any CPU
		{F1CE7526-A4D8-4A16-A702-827F4835B13B}.Debug|Any CPU.ActiveCfg = Debug|Any CPU
		{F1CE7526-A4D8-4A16-A702-827F4835B13B}.Debug|Any CPU.Build.0 = Debug|Any CPU
		{F1CE7526-A4D8-4A16-A702-827F4835B13B}.Release|Any CPU.ActiveCfg = Release|Any CPU
		{F1CE7526-A4D8-4A16-A702-827F4835B13B}.Release|Any CPU.Build.0 = Release|Any CPU
		{8B53B8DE-0E15-4F5E-A7F3-FB6E8A603C6E}.Debug|Any CPU.ActiveCfg = Debug|Any CPU
		{8B53B8DE-0E15-4F5E-A7F3-FB6E8A603C6E}.Debug|Any CPU.Build.0 = Debug|Any CPU
		{8B53B8DE-0E15-4F5E-A7F3-FB6E8A603C6E}.Release|Any CPU.ActiveCfg = Release|Any CPU
		{8B53B8DE-0E15-4F5E-A7F3-FB6E8A603C6E}.Release|Any CPU.Build.0 = Release|Any CPU
		{2C241108-1AE9-438D-8C7E-D0E2DE55CC5B}.Debug|Any CPU.ActiveCfg = Debug|Any CPU
		{2C241108-1AE9-438D-8C7E-D0E2DE55CC5B}.Debug|Any CPU.Build.0 = Debug|Any CPU
		{2C241108-1AE9-438D-8C7E-D0E2DE55CC5B}.Release|Any CPU.ActiveCfg = Debug|Any CPU
		{2C241108-1AE9-438D-8C7E-D0E2DE55CC5B}.Release|Any CPU.Build.0 = Debug|Any CPU
		{C58AD759-0297-47BD-99DF-962E995D48F3}.Debug|Any CPU.ActiveCfg = Debug|Any CPU
		{C58AD759-0297-47BD-99DF-962E995D48F3}.Debug|Any CPU.Build.0 = Debug|Any CPU
		{C58AD759-0297-47BD-99DF-962E995D48F3}.Release|Any CPU.ActiveCfg = Release|Any CPU
		{C58AD759-0297-47BD-99DF-962E995D48F3}.Release|Any CPU.Build.0 = Release|Any CPU
		{5BF5BF5C-62A4-4A5C-9299-EDC64954537C}.Debug|Any CPU.ActiveCfg = Debug|Any CPU
		{5BF5BF5C-62A4-4A5C-9299-EDC64954537C}.Debug|Any CPU.Build.0 = Debug|Any CPU
		{5BF5BF5C-62A4-4A5C-9299-EDC64954537C}.Release|Any CPU.ActiveCfg = Release|Any CPU
		{5BF5BF5C-62A4-4A5C-9299-EDC64954537C}.Release|Any CPU.Build.0 = Release|Any CPU
		{078C0060-E2F2-4CD5-89BF-FE55DA3853F0}.Debug|Any CPU.ActiveCfg = Debug|Any CPU
		{078C0060-E2F2-4CD5-89BF-FE55DA3853F0}.Debug|Any CPU.Build.0 = Debug|Any CPU
		{078C0060-E2F2-4CD5-89BF-FE55DA3853F0}.Release|Any CPU.ActiveCfg = Release|Any CPU
		{078C0060-E2F2-4CD5-89BF-FE55DA3853F0}.Release|Any CPU.Build.0 = Release|Any CPU
		{A16AC89E-0348-46EA-B00E-020E30906CAB}.Debug|Any CPU.ActiveCfg = Debug|Any CPU
		{A16AC89E-0348-46EA-B00E-020E30906CAB}.Debug|Any CPU.Build.0 = Debug|Any CPU
		{A16AC89E-0348-46EA-B00E-020E30906CAB}.Release|Any CPU.ActiveCfg = Release|Any CPU
		{A16AC89E-0348-46EA-B00E-020E30906CAB}.Release|Any CPU.Build.0 = Release|Any CPU
		{4329B49B-AC3D-4DAD-84CE-5D6940C91468}.Debug|Any CPU.ActiveCfg = Debug|Any CPU
		{4329B49B-AC3D-4DAD-84CE-5D6940C91468}.Debug|Any CPU.Build.0 = Debug|Any CPU
		{4329B49B-AC3D-4DAD-84CE-5D6940C91468}.Release|Any CPU.ActiveCfg = Release|Any CPU
		{4329B49B-AC3D-4DAD-84CE-5D6940C91468}.Release|Any CPU.Build.0 = Release|Any CPU
	EndGlobalSection
	GlobalSection(SolutionProperties) = preSolution
		HideSolutionNode = FALSE
	EndGlobalSection
	GlobalSection(ExtensibilityGlobals) = postSolution
		SolutionGuid = {E9C310E1-E6D3-4835-811F-87B5149CE804}
	EndGlobalSection
EndGlobal
