
Microsoft Visual Studio Solution File, Format Version 12.00
# Visual Studio Version 17
VisualStudioVersion = 17.8.34330.188
MinimumVisualStudioVersion = 10.0.40219.1
Project("{FAE04EC0-301F-11D3-BF4B-00C04F79EFBC}") = "ThreadingDemo1", "ThreadingDemo1.csproj", "{768200ED-C4A5-428F-8A78-D93CEF34FA99}"
EndProject
Global
	GlobalSection(SolutionConfigurationPlatforms) = preSolution
		Debug|Any CPU = Debug|Any CPU
		Release|Any CPU = Release|Any CPU
	EndGlobalSection
	GlobalSection(ProjectConfigurationPlatforms) = postSolution
		{768200ED-C4A5-428F-8A78-D93CEF34FA99}.Debug|Any CPU.ActiveCfg = Debug|Any CPU
		{768200ED-C4A5-428F-8A78-D93CEF34FA99}.Debug|Any CPU.Build.0 = Debug|Any CPU
		{768200ED-C4A5-428F-8A78-D93CEF34FA99}.Release|Any CPU.ActiveCfg = Release|Any CPU
		{768200ED-C4A5-428F-8A78-D93CEF34FA99}.Release|Any CPU.Build.0 = Release|Any CPU
	EndGlobalSection
	GlobalSection(SolutionProperties) = preSolution
		HideSolutionNode = FALSE
	EndGlobalSection
	GlobalSection(ExtensibilityGlobals) = postSolution
		SolutionGuid = {046585C9-1AE4-4054-885F-7382ECC7EB6C}
	EndGlobalSection
EndGlobal
